
Microsoft Visual Studio Solution File, Format Version 12.00
# Visual Studio Version 17
VisualStudioVersion = 17.5.33502.453
MinimumVisualStudioVersion = 10.0.40219.1
Project("{9A19103F-16F7-4668-BE54-9A1E7A4F7556}") = "ASPNETCoreApplication", "ASPNETCoreApplication\ASPNETCoreApplication.csproj", "{69DD42CE-7DB9-4BF0-94DA-303A141C076B}"
EndProject
Global
	GlobalSection(SolutionConfigurationPlatforms) = preSolution
		Debug|Any CPU = Debug|Any CPU
		Release|Any CPU = Release|Any CPU
	EndGlobalSection
	GlobalSection(ProjectConfigurationPlatforms) = postSolution
		{69DD42CE-7DB9-4BF0-94DA-303A141C076B}.Debug|Any CPU.ActiveCfg = Debug|Any CPU
		{69DD42CE-7DB9-4BF0-94DA-303A141C076B}.Debug|Any CPU.Build.0 = Debug|Any CPU
		{69DD42CE-7DB9-4BF0-94DA-303A141C076B}.Release|Any CPU.ActiveCfg = Release|Any CPU
		{69DD42CE-7DB9-4BF0-94DA-303A141C076B}.Release|Any CPU.Build.0 = Release|Any CPU
	EndGlobalSection
	GlobalSection(SolutionProperties) = preSolution
		HideSolutionNode = FALSE
	EndGlobalSection
	GlobalSection(ExtensibilityGlobals) = postSolution
		SolutionGuid = {20D8A8A1-89F8-4CB5-8416-DA9BE34636C5}
	EndGlobalSection
EndGlobal
